
Microsoft Visual Studio Solution File, Format Version 11.00
# Visual Studio 2010
Project("{FAE04EC0-301F-11D3-BF4B-00C04F79EFBC}") = "sgc", "sgc\sgc.csproj", "{4E1AC138-619A-44EB-B6AB-F71058E0E0C3}"
EndProject
Project("{FAE04EC0-301F-11D3-BF4B-00C04F79EFBC}") = "Modelos", "Modelos\Modelos.csproj", "{5D0EA5FA-F055-4746-B616-024193B68419}"
EndProject
Project("{FAE04EC0-301F-11D3-BF4B-00C04F79EFBC}") = "DAO", "DAO\DAO.csproj", "{906A0C98-02AE-4461-A0A5-631665ED47C0}"
EndProject
Project("{FAE04EC0-301F-11D3-BF4B-00C04F79EFBC}") = "BLL", "BLL\BLL.csproj", "{0B1A3101-5D0F-468B-A980-034C91CAF3D5}"
EndProject
Global
	GlobalSection(SolutionConfigurationPlatforms) = preSolution
		Debug|Any CPU = Debug|Any CPU
		Debug|Mixed Platforms = Debug|Mixed Platforms
		Debug|x86 = Debug|x86
		Release|Any CPU = Release|Any CPU
		Release|Mixed Platforms = Release|Mixed Platforms
		Release|x86 = Release|x86
	EndGlobalSection
	GlobalSection(ProjectConfigurationPlatforms) = postSolution
		{4E1AC138-619A-44EB-B6AB-F71058E0E0C3}.Debug|Any CPU.ActiveCfg = Debug|x86
		{4E1AC138-619A-44EB-B6AB-F71058E0E0C3}.Debug|Mixed Platforms.ActiveCfg = Debug|x86
		{4E1AC138-619A-44EB-B6AB-F71058E0E0C3}.Debug|Mixed Platforms.Build.0 = Debug|x86
		{4E1AC138-619A-44EB-B6AB-F71058E0E0C3}.Debug|x86.ActiveCfg = Debug|x86
		{4E1AC138-619A-44EB-B6AB-F71058E0E0C3}.Debug|x86.Build.0 = Debug|x86
		{4E1AC138-619A-44EB-B6AB-F71058E0E0C3}.Release|Any CPU.ActiveCfg = Release|x86
		{4E1AC138-619A-44EB-B6AB-F71058E0E0C3}.Release|Mixed Platforms.ActiveCfg = Release|x86
		{4E1AC138-619A-44EB-B6AB-F71058E0E0C3}.Release|Mixed Platforms.Build.0 = Release|x86
		{4E1AC138-619A-44EB-B6AB-F71058E0E0C3}.Release|x86.ActiveCfg = Release|x86
		{4E1AC138-619A-44EB-B6AB-F71058E0E0C3}.Release|x86.Build.0 = Release|x86
		{5D0EA5FA-F055-4746-B616-024193B68419}.Debug|Any CPU.ActiveCfg = Debug|Any CPU
		{5D0EA5FA-F055-4746-B616-024193B68419}.Debug|Any CPU.Build.0 = Debug|Any CPU
		{5D0EA5FA-F055-4746-B616-024193B68419}.Debug|Mixed Platforms.ActiveCfg = Debug|Any CPU
		{5D0EA5FA-F055-4746-B616-024193B68419}.Debug|Mixed Platforms.Build.0 = Debug|Any CPU
		{5D0EA5FA-F055-4746-B616-024193B68419}.Debug|x86.ActiveCfg = Debug|Any CPU
		{5D0EA5FA-F055-4746-B616-024193B68419}.Debug|x86.Build.0 = Debug|Any CPU
		{5D0EA5FA-F055-4746-B616-024193B68419}.Release|Any CPU.ActiveCfg = Release|Any CPU
		{5D0EA5FA-F055-4746-B616-024193B68419}.Release|Any CPU.Build.0 = Release|Any CPU
		{5D0EA5FA-F055-4746-B616-024193B68419}.Release|Mixed Platforms.ActiveCfg = Release|Any CPU
		{5D0EA5FA-F055-4746-B616-024193B68419}.Release|Mixed Platforms.Build.0 = Release|Any CPU
		{5D0EA5FA-F055-4746-B616-024193B68419}.Release|x86.ActiveCfg = Release|Any CPU
		{906A0C98-02AE-4461-A0A5-631665ED47C0}.Debug|Any CPU.ActiveCfg = Debug|Any CPU
		{906A0C98-02AE-4461-A0A5-631665ED47C0}.Debug|Any CPU.Build.0 = Debug|Any CPU
		{906A0C98-02AE-4461-A0A5-631665ED47C0}.Debug|Mixed Platforms.ActiveCfg = Debug|Any CPU
		{906A0C98-02AE-4461-A0A5-631665ED47C0}.Debug|Mixed Platforms.Build.0 = Debug|Any CPU
		{906A0C98-02AE-4461-A0A5-631665ED47C0}.Debug|x86.ActiveCfg = Debug|Any CPU
		{906A0C98-02AE-4461-A0A5-631665ED47C0}.Debug|x86.Build.0 = Debug|Any CPU
		{906A0C98-02AE-4461-A0A5-631665ED47C0}.Release|Any CPU.ActiveCfg = Release|Any CPU
		{906A0C98-02AE-4461-A0A5-631665ED47C0}.Release|Any CPU.Build.0 = Release|Any CPU
		{906A0C98-02AE-4461-A0A5-631665ED47C0}.Release|Mixed Platforms.ActiveCfg = Release|Any CPU
		{906A0C98-02AE-4461-A0A5-631665ED47C0}.Release|Mixed Platforms.Build.0 = Release|Any CPU
		{906A0C98-02AE-4461-A0A5-631665ED47C0}.Release|x86.ActiveCfg = Release|Any CPU
		{0B1A3101-5D0F-468B-A980-034C91CAF3D5}.Debug|Any CPU.ActiveCfg = Debug|Any CPU
		{0B1A3101-5D0F-468B-A980-034C91CAF3D5}.Debug|Any CPU.Build.0 = Debug|Any CPU
		{0B1A3101-5D0F-468B-A980-034C91CAF3D5}.Debug|Mixed Platforms.ActiveCfg = Debug|Any CPU
		{0B1A3101-5D0F-468B-A980-034C91CAF3D5}.Debug|Mixed Platforms.Build.0 = Debug|Any CPU
		{0B1A3101-5D0F-468B-A980-034C91CAF3D5}.Debug|x86.ActiveCfg = Debug|Any CPU
		{0B1A3101-5D0F-468B-A980-034C91CAF3D5}.Debug|x86.Build.0 = Debug|Any CPU
		{0B1A3101-5D0F-468B-A980-034C91CAF3D5}.Release|Any CPU.ActiveCfg = Release|Any CPU
		{0B1A3101-5D0F-468B-A980-034C91CAF3D5}.Release|Any CPU.Build.0 = Release|Any CPU
		{0B1A3101-5D0F-468B-A980-034C91CAF3D5}.Release|Mixed Platforms.ActiveCfg = Release|Any CPU
		{0B1A3101-5D0F-468B-A980-034C91CAF3D5}.Release|Mixed Platforms.Build.0 = Release|Any CPU
		{0B1A3101-5D0F-468B-A980-034C91CAF3D5}.Release|x86.ActiveCfg = Release|Any CPU
	EndGlobalSection
	GlobalSection(SolutionProperties) = preSolution
		HideSolutionNode = FALSE
	EndGlobalSection
EndGlobal
